
Microsoft Visual Studio Solution File, Format Version 12.00
# Visual Studio Version 17
VisualStudioVersion = 17.9.34728.123
MinimumVisualStudioVersion = 10.0.40219.1
Project("{FAE04EC0-301F-11D3-BF4B-00C04F79EFBC}") = "lab 13", "lab 13.csproj", "{9AC3C927-4332-4F8F-BBDE-E70CE32D683B}"
EndProject
Global
	GlobalSection(SolutionConfigurationPlatforms) = preSolution
		Debug|Any CPU = Debug|Any CPU
		Release|Any CPU = Release|Any CPU
	EndGlobalSection
	GlobalSection(ProjectConfigurationPlatforms) = postSolution
		{9AC3C927-4332-4F8F-BBDE-E70CE32D683B}.Debug|Any CPU.ActiveCfg = Debug|Any CPU
		{9AC3C927-4332-4F8F-BBDE-E70CE32D683B}.Debug|Any CPU.Build.0 = Debug|Any CPU
		{9AC3C927-4332-4F8F-BBDE-E70CE32D683B}.Release|Any CPU.ActiveCfg = Release|Any CPU
		{9AC3C927-4332-4F8F-BBDE-E70CE32D683B}.Release|Any CPU.Build.0 = Release|Any CPU
	EndGlobalSection
	GlobalSection(SolutionProperties) = preSolution
		HideSolutionNode = FALSE
	EndGlobalSection
	GlobalSection(ExtensibilityGlobals) = postSolution
		SolutionGuid = {63C42585-9999-4579-9A22-0DC838A01869}
	EndGlobalSection
EndGlobal
